{
  "lockfile-version": 1,
  "manifest": {
    "version": 1,
    "install": {
      "beans": {
        "pkg-path": "beans"
      },
      "mdbook": {
        "pkg-path": "mdbook"
      },
      "nodejs": {
        "pkg-path": "nodejs"
      }
    },
    "hook": {},
    "profile": {},
    "options": {}
  },
  "packages": [
    {
      "attr_path": "beans",
      "broken": false,
      "derivation": "/nix/store/ml1ymmq0bp50sg27vv2z3m3micrd1hhl-beans-0.4.2.drv",
      "description": "Issue tracker for you, your team, and your coding agents",
      "install_id": "beans",
      "license": "Apache-2.0",
      "locked_url": "https://github.com/flox/nixpkgs?rev=b12141ef619e0a9c1c84dc8c684040326f27cdcc",
      "name": "beans-0.4.2",
      "pname": "beans",
      "rev": "b12141ef619e0a9c1c84dc8c684040326f27cdcc",
      "rev_count": 982522,
      "rev_date": "2026-04-18T21:33:21Z",
      "scrape_date": "2026-04-21T06:03:19.821358Z",
      "stabilities": [
        "unstable"
      ],
      "unfree": false,
      "version": "0.4.2",
      "outputs_to_install": [
        "out"
      ],
      "outputs": {
        "out": "/nix/store/v14dy7abpdziik90n5mlvkz0qrahwggd-beans-0.4.2"
      },
      "system": "aarch64-darwin",
      "group": "toplevel",
      "priority": 5
    },
    {
      "attr_path": "beans",
      "broken": false,
      "derivation": "/nix/store/7404lr1hh6qm15d1dm7qxnpibl15qlya-beans-0.4.2.drv",
      "description": "Issue tracker for you, your team, and your coding agents",
      "install_id": "beans",
      "license": "Apache-2.0",
      "locked_url": "https://github.com/flox/nixpkgs?rev=b12141ef619e0a9c1c84dc8c684040326f27cdcc",
      "name": "beans-0.4.2",
      "pname": "beans",
      "rev": "b12141ef619e0a9c1c84dc8c684040326f27cdcc",
      "rev_count": 982522,
      "rev_date": "2026-04-18T21:33:21Z",
      "scrape_date": "2026-04-21T06:36:37.115431Z",
      "stabilities": [
        "unstable"
      ],
      "unfree": false,
      "version": "0.4.2",
      "outputs_to_install": [
        "out"
      ],
      "outputs": {
        "out": "/nix/store/5q40pxa8xzd09bqp9caam2p6wxnxs4yv-beans-0.4.2"
      },
      "system": "aarch64-linux",
      "group": "toplevel",
      "priority": 5
    },
    {
      "attr_path": "beans",
      "broken": false,
      "derivation": "/nix/store/6ql8j2xkqbc5y251vkxcmva997y1wy8l-beans-0.4.2.drv",
      "description": "Issue tracker for you, your team, and your coding agents",
      "install_id": "beans",
      "license": "Apache-2.0",
      "locked_url": "https://github.com/flox/nixpkgs?rev=b12141ef619e0a9c1c84dc8c684040326f27cdcc",
      "name": "beans-0.4.2",
      "pname": "beans",
      "rev": "b12141ef619e0a9c1c84dc8c684040326f27cdcc",
      "rev_count": 982522,
      "rev_date": "2026-04-18T21:33:21Z",
      "scrape_date": "2026-04-21T07:08:11.608056Z",
      "stabilities": [
        "unstable"
      ],
      "unfree": false,
      "version": "0.4.2",
      "outputs_to_install": [
        "out"
      ],
      "outputs": {
        "out": "/nix/store/fq0rhmr6xjrnparxag6xyc2cnj9j4j7q-beans-0.4.2"
      },
      "system": "x86_64-darwin",
      "group": "toplevel",
      "priority": 5
    },
    {
      "attr_path": "beans",
      "broken": false,
      "derivation": "/nix/store/sz4i0g9h5anp340n8ffc135n8rmbhk5b-beans-0.4.2.drv",
      "description": "Issue tracker for you, your team, and your coding agents",
      "install_id": "beans",
      "license": "Apache-2.0",
      "locked_url": "https://github.com/flox/nixpkgs?rev=b12141ef619e0a9c1c84dc8c684040326f27cdcc",
      "name": "beans-0.4.2",
      "pname": "beans",
      "rev": "b12141ef619e0a9c1c84dc8c684040326f27cdcc",
      "rev_count": 982522,
      "rev_date": "2026-04-18T21:33:21Z",
      "scrape_date": "2026-04-21T07:44:39.322668Z",
      "stabilities": [
        "unstable"
      ],
      "unfree": false,
      "version": "0.4.2",
      "outputs_to_install": [
        "out"
      ],
      "outputs": {
        "out": "/nix/store/9hzj1979jydajwlyz9r755wl705gg1l7-beans-0.4.2"
      },
      "system": "x86_64-linux",
      "group": "toplevel",
      "priority": 5
    },
    {
      "attr_path": "mdbook",
      "broken": false,
      "derivation": "/nix/store/siyg0w0r7kw5rqdpc298xwz28aclg8vw-mdbook-0.5.2.drv",
      "description": "Create books from MarkDown",
      "install_id": "mdbook",
      "license": "[ MPL-2.0 ]",
      "locked_url": "https://github.com/flox/nixpkgs?rev=b12141ef619e0a9c1c84dc8c684040326f27cdcc",
      "name": "mdbook-0.5.2",
      "pname": "mdbook",
      "rev": "b12141ef619e0a9c1c84dc8c684040326f27cdcc",
      "rev_count": 982522,
      "rev_date": "2026-04-18T21:33:21Z",
      "scrape_date": "2026-04-21T06:03:41.778933Z",
      "stabilities": [
        "unstable"
      ],
      "unfree": false,
      "version": "0.5.2",
      "outputs_to_install": [
        "out"
      ],
      "outputs": {
        "out": "/nix/store/fjp1q8hin7rawqw12mfiy1pa04rh2z01-mdbook-0.5.2"
      },
      "system": "aarch64-darwin",
      "group": "toplevel",
      "priority": 5
    },
    {
      "attr_path": "mdbook",
      "broken": false,
      "derivation": "/nix/store/3qlf5mnygpwqqvqqlmqvcqqlx4y7f5w8-mdbook-0.5.2.drv",
      "description": "Create books from MarkDown",
      "install_id": "mdbook",
      "license": "[ MPL-2.0 ]",
      "locked_url": "https://github.com/flox/nixpkgs?rev=b12141ef619e0a9c1c84dc8c684040326f27cdcc",
      "name": "mdbook-0.5.2",
      "pname": "mdbook",
      "rev": "b12141ef619e0a9c1c84dc8c684040326f27cdcc",
      "rev_count": 982522,
      "rev_date": "2026-04-18T21:33:21Z",
      "scrape_date": "2026-04-21T06:37:11.160151Z",
      "stabilities": [
        "unstable"
      ],
      "unfree": false,
      "version": "0.5.2",
      "outputs_to_install": [
        "out"
      ],
      "outputs": {
        "out": "/nix/store/3hdla0hq9yyr43cmaxd1bh0pqm7wl18l-mdbook-0.5.2"
      },
      "system": "aarch64-linux",
      "group": "toplevel",
      "priority": 5
    },
    {
      "attr_path": "mdbook",
      "broken": false,
      "derivation": "/nix/store/9f2gabn07vj7h9h48hml9ah307vga1yf-mdbook-0.5.2.drv",
      "description": "Create books from MarkDown",
      "install_id": "mdbook",
      "license": "[ MPL-2.0 ]",
      "locked_url": "https://github.com/flox/nixpkgs?rev=b12141ef619e0a9c1c84dc8c684040326f27cdcc",
      "name": "mdbook-0.5.2",
      "pname": "mdbook",
      "rev": "b12141ef619e0a9c1c84dc8c684040326f27cdcc",
      "rev_count": 982522,
      "rev_date": "2026-04-18T21:33:21Z",
      "scrape_date": "2026-04-21T07:08:34.255158Z",
      "stabilities": [
        "unstable"
      ],
      "unfree": false,
      "version": "0.5.2",
      "outputs_to_install": [
        "out"
      ],
      "outputs": {
        "out": "/nix/store/v2b90bb9wxrbsnyg60g7365wvgqvfdy0-mdbook-0.5.2"
      },
      "system": "x86_64-darwin",
      "group": "toplevel",
      "priority": 5
    },
    {
      "attr_path": "mdbook",
      "broken": false,
      "derivation": "/nix/store/paaznfb35g5hjvqap6pyb583ca670sgl-mdbook-0.5.2.drv",
      "description": "Create books from MarkDown",
      "install_id": "mdbook",
      "license": "[ MPL-2.0 ]",
      "locked_url": "https://github.com/flox/nixpkgs?rev=b12141ef619e0a9c1c84dc8c684040326f27cdcc",
      "name": "mdbook-0.5.2",
      "pname": "mdbook",
      "rev": "b12141ef619e0a9c1c84dc8c684040326f27cdcc",
      "rev_count": 982522,
      "rev_date": "2026-04-18T21:33:21Z",
      "scrape_date": "2026-04-21T07:45:17.305217Z",
      "stabilities": [
        "unstable"
      ],
      "unfree": false,
      "version": "0.5.2",
      "outputs_to_install": [
        "out"
      ],
      "outputs": {
        "out": "/nix/store/rqpwp6g23h2awcwam2l4vkvlvdi0401a-mdbook-0.5.2"
      },
      "system": "x86_64-linux",
      "group": "toplevel",
      "priority": 5
    },
    {
      "attr_path": "nodejs",
      "broken": false,
      "derivation": "/nix/store/g2yfx00n1lp9i8ka7nbl11fawc0yfm7n-nodejs-24.14.0.drv",
      "description": "Event-driven I/O framework for the V8 JavaScript engine",
      "install_id": "nodejs",
      "license": "MIT",
      "locked_url": "https://github.com/flox/nixpkgs?rev=b12141ef619e0a9c1c84dc8c684040326f27cdcc",
      "name": "nodejs-24.14.0",
      "pname": "nodejs",
      "rev": "b12141ef619e0a9c1c84dc8c684040326f27cdcc",
      "rev_count": 982522,
      "rev_date": "2026-04-18T21:33:21Z",
      "scrape_date": "2026-04-21T06:03:43.875414Z",
      "stabilities": [
        "unstable"
      ],
      "unfree": false,
      "version": "24.14.0",
      "outputs_to_install": [
        "out",
        "out",
        "out",
        "out"
      ],
      "outputs": {
        "out": "/nix/store/d5hw52iialz64hvfzfp9qm1gr2fp43kx-nodejs-24.14.0"
      },
      "system": "aarch64-darwin",
      "group": "toplevel",
      "priority": 5
    },
    {
      "attr_path": "nodejs",
      "broken": false,
      "derivation": "/nix/store/jj8rw2gnisil7dw10xi2qdinad9jqp7s-nodejs-24.14.0.drv",
      "description": "Event-driven I/O framework for the V8 JavaScript engine",
      "install_id": "nodejs",
      "license": "MIT",
      "locked_url": "https://github.com/flox/nixpkgs?rev=b12141ef619e0a9c1c84dc8c684040326f27cdcc",
      "name": "nodejs-24.14.0",
      "pname": "nodejs",
      "rev": "b12141ef619e0a9c1c84dc8c684040326f27cdcc",
      "rev_count": 982522,
      "rev_date": "2026-04-18T21:33:21Z",
      "scrape_date": "2026-04-21T06:37:14.564911Z",
      "stabilities": [
        "unstable"
      ],
      "unfree": false,
      "version": "24.14.0",
      "outputs_to_install": [
        "out",
        "out",
        "out"
      ],
      "outputs": {
        "out": "/nix/store/vs8zaq8fvbbjqfg4bzn424kn55sj7s7y-nodejs-24.14.0"
      },
      "system": "aarch64-linux",
      "group": "toplevel",
      "priority": 5
    },
    {
      "attr_path": "nodejs",
      "broken": false,
      "derivation": "/nix/store/l9ksrfa960964gqf23yfr7a66a2n18c1-nodejs-24.14.0.drv",
      "description": "Event-driven I/O framework for the V8 JavaScript engine",
      "install_id": "nodejs",
      "license": "MIT",
      "locked_url": "https://github.com/flox/nixpkgs?rev=b12141ef619e0a9c1c84dc8c684040326f27cdcc",
      "name": "nodejs-24.14.0",
      "pname": "nodejs",
      "rev": "b12141ef619e0a9c1c84dc8c684040326f27cdcc",
      "rev_count": 982522,
      "rev_date": "2026-04-18T21:33:21Z",
      "scrape_date": "2026-04-21T07:08:36.418791Z",
      "stabilities": [
        "unstable"
      ],
      "unfree": false,
      "version": "24.14.0",
      "outputs_to_install": [
        "out",
        "out",
        "out"
      ],
      "outputs": {
        "out": "/nix/store/70ypbaj273w2kk0nrs4vijizyqgbg48v-nodejs-24.14.0"
      },
      "system": "x86_64-darwin",
      "group": "toplevel",
      "priority": 5
    },
    {
      "attr_path": "nodejs",
      "broken": false,
      "derivation": "/nix/store/15s1kk2n6vg180wg04wj2wgnl19f03v7-nodejs-24.14.0.drv",
      "description": "Event-driven I/O framework for the V8 JavaScript engine",
      "install_id": "nodejs",
      "license": "MIT",
      "locked_url": "https://github.com/flox/nixpkgs?rev=b12141ef619e0a9c1c84dc8c684040326f27cdcc",
      "name": "nodejs-24.14.0",
      "pname": "nodejs",
      "rev": "b12141ef619e0a9c1c84dc8c684040326f27cdcc",
      "rev_count": 982522,
      "rev_date": "2026-04-18T21:33:21Z",
      "scrape_date": "2026-04-21T07:45:21.146261Z",
      "stabilities": [
        "unstable"
      ],
      "unfree": false,
      "version": "24.14.0",
      "outputs_to_install": [
        "out",
        "out",
        "out"
      ],
      "outputs": {
        "out": "/nix/store/v2210ar51jddnrcx46m53ivv9palc26m-nodejs-24.14.0"
      },
      "system": "x86_64-linux",
      "group": "toplevel",
      "priority": 5
    }
  ]
}
