{
  "lockfile-version": 1,
  "manifest": {
    "version": 1,
    "install": {
      "beans": {
        "pkg-path": "beans"
      },
      "deno": {
        "pkg-path": "deno"
      },
      "mdbook": {
        "pkg-path": "mdbook"
      },
      "nodejs": {
        "pkg-path": "nodejs"
      },
      "shadowenv": {
        "pkg-path": "shadowenv"
      },
      "supabase-cli": {
        "pkg-path": "supabase-cli"
      }
    },
    "options": {}
  },
  "packages": [
    {
      "attr_path": "beans",
      "broken": false,
      "derivation": "/nix/store/ml1ymmq0bp50sg27vv2z3m3micrd1hhl-beans-0.4.2.drv",
      "description": "Issue tracker for you, your team, and your coding agents",
      "install_id": "beans",
      "license": "Apache-2.0",
      "locked_url": "https://github.com/flox/nixpkgs?rev=4bd9165a9165d7b5e33ae57f3eecbcb28fb231c9",
      "name": "beans-0.4.2",
      "pname": "beans",
      "rev": "4bd9165a9165d7b5e33ae57f3eecbcb28fb231c9",
      "rev_count": 980183,
      "rev_date": "2026-04-14T12:31:25Z",
      "scrape_date": "2026-04-16T06:05:17.955250Z",
      "stabilities": [
        "unstable",
        "staging"
      ],
      "unfree": false,
      "version": "0.4.2",
      "outputs_to_install": [
        "out"
      ],
      "outputs": {
        "out": "/nix/store/v14dy7abpdziik90n5mlvkz0qrahwggd-beans-0.4.2"
      },
      "system": "aarch64-darwin",
      "group": "toplevel",
      "priority": 5
    },
    {
      "attr_path": "beans",
      "broken": false,
      "derivation": "/nix/store/7404lr1hh6qm15d1dm7qxnpibl15qlya-beans-0.4.2.drv",
      "description": "Issue tracker for you, your team, and your coding agents",
      "install_id": "beans",
      "license": "Apache-2.0",
      "locked_url": "https://github.com/flox/nixpkgs?rev=4bd9165a9165d7b5e33ae57f3eecbcb28fb231c9",
      "name": "beans-0.4.2",
      "pname": "beans",
      "rev": "4bd9165a9165d7b5e33ae57f3eecbcb28fb231c9",
      "rev_count": 980183,
      "rev_date": "2026-04-14T12:31:25Z",
      "scrape_date": "2026-04-16T06:37:12.778410Z",
      "stabilities": [
        "unstable",
        "staging"
      ],
      "unfree": false,
      "version": "0.4.2",
      "outputs_to_install": [
        "out"
      ],
      "outputs": {
        "out": "/nix/store/5q40pxa8xzd09bqp9caam2p6wxnxs4yv-beans-0.4.2"
      },
      "system": "aarch64-linux",
      "group": "toplevel",
      "priority": 5
    },
    {
      "attr_path": "beans",
      "broken": false,
      "derivation": "/nix/store/6ql8j2xkqbc5y251vkxcmva997y1wy8l-beans-0.4.2.drv",
      "description": "Issue tracker for you, your team, and your coding agents",
      "install_id": "beans",
      "license": "Apache-2.0",
      "locked_url": "https://github.com/flox/nixpkgs?rev=4bd9165a9165d7b5e33ae57f3eecbcb28fb231c9",
      "name": "beans-0.4.2",
      "pname": "beans",
      "rev": "4bd9165a9165d7b5e33ae57f3eecbcb28fb231c9",
      "rev_count": 980183,
      "rev_date": "2026-04-14T12:31:25Z",
      "scrape_date": "2026-04-16T07:08:01.929351Z",
      "stabilities": [
        "unstable",
        "staging"
      ],
      "unfree": false,
      "version": "0.4.2",
      "outputs_to_install": [
        "out"
      ],
      "outputs": {
        "out": "/nix/store/fq0rhmr6xjrnparxag6xyc2cnj9j4j7q-beans-0.4.2"
      },
      "system": "x86_64-darwin",
      "group": "toplevel",
      "priority": 5
    },
    {
      "attr_path": "beans",
      "broken": false,
      "derivation": "/nix/store/sz4i0g9h5anp340n8ffc135n8rmbhk5b-beans-0.4.2.drv",
      "description": "Issue tracker for you, your team, and your coding agents",
      "install_id": "beans",
      "license": "Apache-2.0",
      "locked_url": "https://github.com/flox/nixpkgs?rev=4bd9165a9165d7b5e33ae57f3eecbcb28fb231c9",
      "name": "beans-0.4.2",
      "pname": "beans",
      "rev": "4bd9165a9165d7b5e33ae57f3eecbcb28fb231c9",
      "rev_count": 980183,
      "rev_date": "2026-04-14T12:31:25Z",
      "scrape_date": "2026-04-16T07:42:40.991131Z",
      "stabilities": [
        "unstable",
        "staging"
      ],
      "unfree": false,
      "version": "0.4.2",
      "outputs_to_install": [
        "out"
      ],
      "outputs": {
        "out": "/nix/store/9hzj1979jydajwlyz9r755wl705gg1l7-beans-0.4.2"
      },
      "system": "x86_64-linux",
      "group": "toplevel",
      "priority": 5
    },
    {
      "attr_path": "deno",
      "broken": false,
      "derivation": "/nix/store/yabw6myb8mn69p0q2h97k4h93sh1cfnw-deno-2.7.9.drv",
      "description": "Secure runtime for JavaScript and TypeScript",
      "install_id": "deno",
      "license": "MIT",
      "locked_url": "https://github.com/flox/nixpkgs?rev=4bd9165a9165d7b5e33ae57f3eecbcb28fb231c9",
      "name": "deno-2.7.9",
      "pname": "deno",
      "rev": "4bd9165a9165d7b5e33ae57f3eecbcb28fb231c9",
      "rev_count": 980183,
      "rev_date": "2026-04-14T12:31:25Z",
      "scrape_date": "2026-04-16T06:05:18.460509Z",
      "stabilities": [
        "unstable",
        "staging"
      ],
      "unfree": false,
      "version": "2.7.9",
      "outputs_to_install": [
        "out"
      ],
      "outputs": {
        "out": "/nix/store/1wwmbfs4dzg6fmrn7k45rm6nnw223nbl-deno-2.7.9"
      },
      "system": "aarch64-darwin",
      "group": "toplevel",
      "priority": 5
    },
    {
      "attr_path": "deno",
      "broken": false,
      "derivation": "/nix/store/x5d3ry880579c1jm35zki3pr1h64yq6p-deno-2.7.9.drv",
      "description": "Secure runtime for JavaScript and TypeScript",
      "install_id": "deno",
      "license": "MIT",
      "locked_url": "https://github.com/flox/nixpkgs?rev=4bd9165a9165d7b5e33ae57f3eecbcb28fb231c9",
      "name": "deno-2.7.9",
      "pname": "deno",
      "rev": "4bd9165a9165d7b5e33ae57f3eecbcb28fb231c9",
      "rev_count": 980183,
      "rev_date": "2026-04-14T12:31:25Z",
      "scrape_date": "2026-04-16T06:37:13.440871Z",
      "stabilities": [
        "unstable",
        "staging"
      ],
      "unfree": false,
      "version": "2.7.9",
      "outputs_to_install": [
        "out"
      ],
      "outputs": {
        "out": "/nix/store/a0xnz9ybvvms3kzp4n5i32abcs3j7b0a-deno-2.7.9"
      },
      "system": "aarch64-linux",
      "group": "toplevel",
      "priority": 5
    },
    {
      "attr_path": "deno",
      "broken": false,
      "derivation": "/nix/store/37j5pl5jmhs9kr30d0s86hd594563b30-deno-2.7.9.drv",
      "description": "Secure runtime for JavaScript and TypeScript",
      "install_id": "deno",
      "license": "MIT",
      "locked_url": "https://github.com/flox/nixpkgs?rev=4bd9165a9165d7b5e33ae57f3eecbcb28fb231c9",
      "name": "deno-2.7.9",
      "pname": "deno",
      "rev": "4bd9165a9165d7b5e33ae57f3eecbcb28fb231c9",
      "rev_count": 980183,
      "rev_date": "2026-04-14T12:31:25Z",
      "scrape_date": "2026-04-16T07:08:02.427357Z",
      "stabilities": [
        "unstable",
        "staging"
      ],
      "unfree": false,
      "version": "2.7.9",
      "outputs_to_install": [
        "out"
      ],
      "outputs": {
        "out": "/nix/store/hljk7ylwb6r4j2jkchf7mhmyci65hbn2-deno-2.7.9"
      },
      "system": "x86_64-darwin",
      "group": "toplevel",
      "priority": 5
    },
    {
      "attr_path": "deno",
      "broken": false,
      "derivation": "/nix/store/sf5fy3dhdrzwm6gf6q995arc9przjjd3-deno-2.7.9.drv",
      "description": "Secure runtime for JavaScript and TypeScript",
      "install_id": "deno",
      "license": "MIT",
      "locked_url": "https://github.com/flox/nixpkgs?rev=4bd9165a9165d7b5e33ae57f3eecbcb28fb231c9",
      "name": "deno-2.7.9",
      "pname": "deno",
      "rev": "4bd9165a9165d7b5e33ae57f3eecbcb28fb231c9",
      "rev_count": 980183,
      "rev_date": "2026-04-14T12:31:25Z",
      "scrape_date": "2026-04-16T07:42:41.721519Z",
      "stabilities": [
        "unstable",
        "staging"
      ],
      "unfree": false,
      "version": "2.7.9",
      "outputs_to_install": [
        "out"
      ],
      "outputs": {
        "out": "/nix/store/nj8hdb8an3j79nrvb1lf1vi1w3pbs4f8-deno-2.7.9"
      },
      "system": "x86_64-linux",
      "group": "toplevel",
      "priority": 5
    },
    {
      "attr_path": "mdbook",
      "broken": false,
      "derivation": "/nix/store/siyg0w0r7kw5rqdpc298xwz28aclg8vw-mdbook-0.5.2.drv",
      "description": "Create books from MarkDown",
      "install_id": "mdbook",
      "license": "[ MPL-2.0 ]",
      "locked_url": "https://github.com/flox/nixpkgs?rev=4bd9165a9165d7b5e33ae57f3eecbcb28fb231c9",
      "name": "mdbook-0.5.2",
      "pname": "mdbook",
      "rev": "4bd9165a9165d7b5e33ae57f3eecbcb28fb231c9",
      "rev_count": 980183,
      "rev_date": "2026-04-14T12:31:25Z",
      "scrape_date": "2026-04-16T06:05:39.962330Z",
      "stabilities": [
        "unstable",
        "staging"
      ],
      "unfree": false,
      "version": "0.5.2",
      "outputs_to_install": [
        "out"
      ],
      "outputs": {
        "out": "/nix/store/fjp1q8hin7rawqw12mfiy1pa04rh2z01-mdbook-0.5.2"
      },
      "system": "aarch64-darwin",
      "group": "toplevel",
      "priority": 5
    },
    {
      "attr_path": "mdbook",
      "broken": false,
      "derivation": "/nix/store/3qlf5mnygpwqqvqqlmqvcqqlx4y7f5w8-mdbook-0.5.2.drv",
      "description": "Create books from MarkDown",
      "install_id": "mdbook",
      "license": "[ MPL-2.0 ]",
      "locked_url": "https://github.com/flox/nixpkgs?rev=4bd9165a9165d7b5e33ae57f3eecbcb28fb231c9",
      "name": "mdbook-0.5.2",
      "pname": "mdbook",
      "rev": "4bd9165a9165d7b5e33ae57f3eecbcb28fb231c9",
      "rev_count": 980183,
      "rev_date": "2026-04-14T12:31:25Z",
      "scrape_date": "2026-04-16T06:37:47.068999Z",
      "stabilities": [
        "unstable",
        "staging"
      ],
      "unfree": false,
      "version": "0.5.2",
      "outputs_to_install": [
        "out"
      ],
      "outputs": {
        "out": "/nix/store/3hdla0hq9yyr43cmaxd1bh0pqm7wl18l-mdbook-0.5.2"
      },
      "system": "aarch64-linux",
      "group": "toplevel",
      "priority": 5
    },
    {
      "attr_path": "mdbook",
      "broken": false,
      "derivation": "/nix/store/9f2gabn07vj7h9h48hml9ah307vga1yf-mdbook-0.5.2.drv",
      "description": "Create books from MarkDown",
      "install_id": "mdbook",
      "license": "[ MPL-2.0 ]",
      "locked_url": "https://github.com/flox/nixpkgs?rev=4bd9165a9165d7b5e33ae57f3eecbcb28fb231c9",
      "name": "mdbook-0.5.2",
      "pname": "mdbook",
      "rev": "4bd9165a9165d7b5e33ae57f3eecbcb28fb231c9",
      "rev_count": 980183,
      "rev_date": "2026-04-14T12:31:25Z",
      "scrape_date": "2026-04-16T07:08:23.817207Z",
      "stabilities": [
        "unstable",
        "staging"
      ],
      "unfree": false,
      "version": "0.5.2",
      "outputs_to_install": [
        "out"
      ],
      "outputs": {
        "out": "/nix/store/v2b90bb9wxrbsnyg60g7365wvgqvfdy0-mdbook-0.5.2"
      },
      "system": "x86_64-darwin",
      "group": "toplevel",
      "priority": 5
    },
    {
      "attr_path": "mdbook",
      "broken": false,
      "derivation": "/nix/store/paaznfb35g5hjvqap6pyb583ca670sgl-mdbook-0.5.2.drv",
      "description": "Create books from MarkDown",
      "install_id": "mdbook",
      "license": "[ MPL-2.0 ]",
      "locked_url": "https://github.com/flox/nixpkgs?rev=4bd9165a9165d7b5e33ae57f3eecbcb28fb231c9",
      "name": "mdbook-0.5.2",
      "pname": "mdbook",
      "rev": "4bd9165a9165d7b5e33ae57f3eecbcb28fb231c9",
      "rev_count": 980183,
      "rev_date": "2026-04-14T12:31:25Z",
      "scrape_date": "2026-04-16T07:43:17.409755Z",
      "stabilities": [
        "unstable",
        "staging"
      ],
      "unfree": false,
      "version": "0.5.2",
      "outputs_to_install": [
        "out"
      ],
      "outputs": {
        "out": "/nix/store/rqpwp6g23h2awcwam2l4vkvlvdi0401a-mdbook-0.5.2"
      },
      "system": "x86_64-linux",
      "group": "toplevel",
      "priority": 5
    },
    {
      "attr_path": "nodejs",
      "broken": false,
      "derivation": "/nix/store/g2yfx00n1lp9i8ka7nbl11fawc0yfm7n-nodejs-24.14.0.drv",
      "description": "Event-driven I/O framework for the V8 JavaScript engine",
      "install_id": "nodejs",
      "license": "MIT",
      "locked_url": "https://github.com/flox/nixpkgs?rev=4bd9165a9165d7b5e33ae57f3eecbcb28fb231c9",
      "name": "nodejs-24.14.0",
      "pname": "nodejs",
      "rev": "4bd9165a9165d7b5e33ae57f3eecbcb28fb231c9",
      "rev_count": 980183,
      "rev_date": "2026-04-14T12:31:25Z",
      "scrape_date": "2026-04-16T06:05:42.106352Z",
      "stabilities": [
        "unstable",
        "staging"
      ],
      "unfree": false,
      "version": "24.14.0",
      "outputs_to_install": [
        "out",
        "out",
        "out",
        "out"
      ],
      "outputs": {
        "out": "/nix/store/d5hw52iialz64hvfzfp9qm1gr2fp43kx-nodejs-24.14.0"
      },
      "system": "aarch64-darwin",
      "group": "toplevel",
      "priority": 5
    },
    {
      "attr_path": "nodejs",
      "broken": false,
      "derivation": "/nix/store/jj8rw2gnisil7dw10xi2qdinad9jqp7s-nodejs-24.14.0.drv",
      "description": "Event-driven I/O framework for the V8 JavaScript engine",
      "install_id": "nodejs",
      "license": "MIT",
      "locked_url": "https://github.com/flox/nixpkgs?rev=4bd9165a9165d7b5e33ae57f3eecbcb28fb231c9",
      "name": "nodejs-24.14.0",
      "pname": "nodejs",
      "rev": "4bd9165a9165d7b5e33ae57f3eecbcb28fb231c9",
      "rev_count": 980183,
      "rev_date": "2026-04-14T12:31:25Z",
      "scrape_date": "2026-04-16T06:37:50.441212Z",
      "stabilities": [
        "unstable",
        "staging"
      ],
      "unfree": false,
      "version": "24.14.0",
      "outputs_to_install": [
        "out",
        "out",
        "out"
      ],
      "outputs": {
        "out": "/nix/store/vs8zaq8fvbbjqfg4bzn424kn55sj7s7y-nodejs-24.14.0"
      },
      "system": "aarch64-linux",
      "group": "toplevel",
      "priority": 5
    },
    {
      "attr_path": "nodejs",
      "broken": false,
      "derivation": "/nix/store/l9ksrfa960964gqf23yfr7a66a2n18c1-nodejs-24.14.0.drv",
      "description": "Event-driven I/O framework for the V8 JavaScript engine",
      "install_id": "nodejs",
      "license": "MIT",
      "locked_url": "https://github.com/flox/nixpkgs?rev=4bd9165a9165d7b5e33ae57f3eecbcb28fb231c9",
      "name": "nodejs-24.14.0",
      "pname": "nodejs",
      "rev": "4bd9165a9165d7b5e33ae57f3eecbcb28fb231c9",
      "rev_count": 980183,
      "rev_date": "2026-04-14T12:31:25Z",
      "scrape_date": "2026-04-16T07:08:25.914600Z",
      "stabilities": [
        "unstable",
        "staging"
      ],
      "unfree": false,
      "version": "24.14.0",
      "outputs_to_install": [
        "out",
        "out",
        "out"
      ],
      "outputs": {
        "out": "/nix/store/70ypbaj273w2kk0nrs4vijizyqgbg48v-nodejs-24.14.0"
      },
      "system": "x86_64-darwin",
      "group": "toplevel",
      "priority": 5
    },
    {
      "attr_path": "nodejs",
      "broken": false,
      "derivation": "/nix/store/15s1kk2n6vg180wg04wj2wgnl19f03v7-nodejs-24.14.0.drv",
      "description": "Event-driven I/O framework for the V8 JavaScript engine",
      "install_id": "nodejs",
      "license": "MIT",
      "locked_url": "https://github.com/flox/nixpkgs?rev=4bd9165a9165d7b5e33ae57f3eecbcb28fb231c9",
      "name": "nodejs-24.14.0",
      "pname": "nodejs",
      "rev": "4bd9165a9165d7b5e33ae57f3eecbcb28fb231c9",
      "rev_count": 980183,
      "rev_date": "2026-04-14T12:31:25Z",
      "scrape_date": "2026-04-16T07:43:21.102705Z",
      "stabilities": [
        "unstable",
        "staging"
      ],
      "unfree": false,
      "version": "24.14.0",
      "outputs_to_install": [
        "out",
        "out",
        "out"
      ],
      "outputs": {
        "out": "/nix/store/v2210ar51jddnrcx46m53ivv9palc26m-nodejs-24.14.0"
      },
      "system": "x86_64-linux",
      "group": "toplevel",
      "priority": 5
    },
    {
      "attr_path": "shadowenv",
      "broken": false,
      "derivation": "/nix/store/fz0249l94gjv2g7yf2n1yc1wv9wdj8r0-shadowenv-3.4.0.drv",
      "description": "Reversible directory-local environment variable manipulations",
      "install_id": "shadowenv",
      "license": "MIT",
      "locked_url": "https://github.com/flox/nixpkgs?rev=4bd9165a9165d7b5e33ae57f3eecbcb28fb231c9",
      "name": "shadowenv-3.4.0",
      "pname": "shadowenv",
      "rev": "4bd9165a9165d7b5e33ae57f3eecbcb28fb231c9",
      "rev_count": 980183,
      "rev_date": "2026-04-14T12:31:25Z",
      "scrape_date": "2026-04-16T06:07:06.041156Z",
      "stabilities": [
        "unstable",
        "staging"
      ],
      "unfree": false,
      "version": "3.4.0",
      "outputs_to_install": [
        "out"
      ],
      "outputs": {
        "out": "/nix/store/8hzd27qlmizikx8jdwirhjbijxd1ah4h-shadowenv-3.4.0"
      },
      "system": "aarch64-darwin",
      "group": "toplevel",
      "priority": 5
    },
    {
      "attr_path": "shadowenv",
      "broken": false,
      "derivation": "/nix/store/gn495chqkgvjzc07khx1b6dlcfwmn3ck-shadowenv-3.4.0.drv",
      "description": "Reversible directory-local environment variable manipulations",
      "install_id": "shadowenv",
      "license": "MIT",
      "locked_url": "https://github.com/flox/nixpkgs?rev=4bd9165a9165d7b5e33ae57f3eecbcb28fb231c9",
      "name": "shadowenv-3.4.0",
      "pname": "shadowenv",
      "rev": "4bd9165a9165d7b5e33ae57f3eecbcb28fb231c9",
      "rev_count": 980183,
      "rev_date": "2026-04-14T12:31:25Z",
      "scrape_date": "2026-04-16T06:39:36.082114Z",
      "stabilities": [
        "unstable",
        "staging"
      ],
      "unfree": false,
      "version": "3.4.0",
      "outputs_to_install": [
        "out"
      ],
      "outputs": {
        "out": "/nix/store/vjbv8lk2766r861abnhm5xrdqbpamxng-shadowenv-3.4.0"
      },
      "system": "aarch64-linux",
      "group": "toplevel",
      "priority": 5
    },
    {
      "attr_path": "shadowenv",
      "broken": false,
      "derivation": "/nix/store/niqhmwv9w9kbkr29gib1kc3wd3ryxjhg-shadowenv-3.4.0.drv",
      "description": "Reversible directory-local environment variable manipulations",
      "install_id": "shadowenv",
      "license": "MIT",
      "locked_url": "https://github.com/flox/nixpkgs?rev=4bd9165a9165d7b5e33ae57f3eecbcb28fb231c9",
      "name": "shadowenv-3.4.0",
      "pname": "shadowenv",
      "rev": "4bd9165a9165d7b5e33ae57f3eecbcb28fb231c9",
      "rev_count": 980183,
      "rev_date": "2026-04-14T12:31:25Z",
      "scrape_date": "2026-04-16T07:09:48.249553Z",
      "stabilities": [
        "unstable",
        "staging"
      ],
      "unfree": false,
      "version": "3.4.0",
      "outputs_to_install": [
        "out"
      ],
      "outputs": {
        "out": "/nix/store/j18l9cfd445gfr0zhnmm42kjbjsajv0l-shadowenv-3.4.0"
      },
      "system": "x86_64-darwin",
      "group": "toplevel",
      "priority": 5
    },
    {
      "attr_path": "shadowenv",
      "broken": false,
      "derivation": "/nix/store/93rhavrbsfq45q7a42gy3x9czswmnipv-shadowenv-3.4.0.drv",
      "description": "Reversible directory-local environment variable manipulations",
      "install_id": "shadowenv",
      "license": "MIT",
      "locked_url": "https://github.com/flox/nixpkgs?rev=4bd9165a9165d7b5e33ae57f3eecbcb28fb231c9",
      "name": "shadowenv-3.4.0",
      "pname": "shadowenv",
      "rev": "4bd9165a9165d7b5e33ae57f3eecbcb28fb231c9",
      "rev_count": 980183,
      "rev_date": "2026-04-14T12:31:25Z",
      "scrape_date": "2026-04-16T07:45:10.420549Z",
      "stabilities": [
        "unstable",
        "staging"
      ],
      "unfree": false,
      "version": "3.4.0",
      "outputs_to_install": [
        "out"
      ],
      "outputs": {
        "out": "/nix/store/jaakiz3d6a5j7cfkzn319pnn6xngyy9i-shadowenv-3.4.0"
      },
      "system": "x86_64-linux",
      "group": "toplevel",
      "priority": 5
    },
    {
      "attr_path": "supabase-cli",
      "broken": false,
      "derivation": "/nix/store/hb92qmld77l13mzns419bgg1lmdv9m7q-supabase-cli-2.88.1.drv",
      "description": "CLI for interacting with supabase",
      "install_id": "supabase-cli",
      "license": "MIT",
      "locked_url": "https://github.com/flox/nixpkgs?rev=4bd9165a9165d7b5e33ae57f3eecbcb28fb231c9",
      "name": "supabase-cli-2.88.1",
      "pname": "supabase-cli",
      "rev": "4bd9165a9165d7b5e33ae57f3eecbcb28fb231c9",
      "rev_count": 980183,
      "rev_date": "2026-04-14T12:31:25Z",
      "scrape_date": "2026-04-16T06:07:08.741689Z",
      "stabilities": [
        "unstable",
        "staging"
      ],
      "unfree": false,
      "version": "2.88.1",
      "outputs_to_install": [
        "out"
      ],
      "outputs": {
        "out": "/nix/store/0bvixpx0r67lwfqvr1c7k6lvapvdng3w-supabase-cli-2.88.1"
      },
      "system": "aarch64-darwin",
      "group": "toplevel",
      "priority": 5
    },
    {
      "attr_path": "supabase-cli",
      "broken": false,
      "derivation": "/nix/store/ncx2six5mm0pk3l7swm1cgx0jc638q2n-supabase-cli-2.88.1.drv",
      "description": "CLI for interacting with supabase",
      "install_id": "supabase-cli",
      "license": "MIT",
      "locked_url": "https://github.com/flox/nixpkgs?rev=4bd9165a9165d7b5e33ae57f3eecbcb28fb231c9",
      "name": "supabase-cli-2.88.1",
      "pname": "supabase-cli",
      "rev": "4bd9165a9165d7b5e33ae57f3eecbcb28fb231c9",
      "rev_count": 980183,
      "rev_date": "2026-04-14T12:31:25Z",
      "scrape_date": "2026-04-16T06:39:40.239861Z",
      "stabilities": [
        "unstable",
        "staging"
      ],
      "unfree": false,
      "version": "2.88.1",
      "outputs_to_install": [
        "out"
      ],
      "outputs": {
        "out": "/nix/store/25c7mgb1fb4gl2jv2c683bmbzzinha6a-supabase-cli-2.88.1"
      },
      "system": "aarch64-linux",
      "group": "toplevel",
      "priority": 5
    },
    {
      "attr_path": "supabase-cli",
      "broken": false,
      "derivation": "/nix/store/r081f9ha7flhhc6js6z459yzakzqsljr-supabase-cli-2.88.1.drv",
      "description": "CLI for interacting with supabase",
      "install_id": "supabase-cli",
      "license": "MIT",
      "locked_url": "https://github.com/flox/nixpkgs?rev=4bd9165a9165d7b5e33ae57f3eecbcb28fb231c9",
      "name": "supabase-cli-2.88.1",
      "pname": "supabase-cli",
      "rev": "4bd9165a9165d7b5e33ae57f3eecbcb28fb231c9",
      "rev_count": 980183,
      "rev_date": "2026-04-14T12:31:25Z",
      "scrape_date": "2026-04-16T07:09:50.963782Z",
      "stabilities": [
        "unstable",
        "staging"
      ],
      "unfree": false,
      "version": "2.88.1",
      "outputs_to_install": [
        "out"
      ],
      "outputs": {
        "out": "/nix/store/3pixycfj5w752bfpv0qg1dk051d7bqkk-supabase-cli-2.88.1"
      },
      "system": "x86_64-darwin",
      "group": "toplevel",
      "priority": 5
    },
    {
      "attr_path": "supabase-cli",
      "broken": false,
      "derivation": "/nix/store/wsaj6qim7rqacs88k15nh6nx48qyq8hw-supabase-cli-2.88.1.drv",
      "description": "CLI for interacting with supabase",
      "install_id": "supabase-cli",
      "license": "MIT",
      "locked_url": "https://github.com/flox/nixpkgs?rev=4bd9165a9165d7b5e33ae57f3eecbcb28fb231c9",
      "name": "supabase-cli-2.88.1",
      "pname": "supabase-cli",
      "rev": "4bd9165a9165d7b5e33ae57f3eecbcb28fb231c9",
      "rev_count": 980183,
      "rev_date": "2026-04-14T12:31:25Z",
      "scrape_date": "2026-04-16T07:45:14.956034Z",
      "stabilities": [
        "unstable",
        "staging"
      ],
      "unfree": false,
      "version": "2.88.1",
      "outputs_to_install": [
        "out"
      ],
      "outputs": {
        "out": "/nix/store/aw7pqhkxf6s9cxy9xmdhvm6wfjf9fmyg-supabase-cli-2.88.1"
      },
      "system": "x86_64-linux",
      "group": "toplevel",
      "priority": 5
    }
  ]
}
